# This file is autogenerated, do not edit; changes may be undone by the next 'dep ensure'.


[[projects]]
  branch = "master"
  digest = "1:71dacf71b3d9cdad5751d42650197769efb31eaa64d8129e03f7182bdace7d65"
  name = "github.com/bhoriuchi/go-bunyan"
  packages = ["bunyan"]
  pruneopts = "UT"
  revision = "8815b5fdce8c649679da0123c957d4b5e4b6f8ca"

[[projects]]
  digest = "1:cbec35fe4d5a4fba369a656a8cd65e244ea2c743007d8f6c1ccb132acf9d1296"
  name = "github.com/gorilla/mux"
  packages = ["."]
  pruneopts = "UT"
  revision = "00bdffe0f3c77e27d2cf6f5c70232a2d3e4d9c15"
  version = "v1.7.3"

[[projects]]
  digest = "1:dc48dff981a895912c33cf272b1d869c216d058bd4025736cb481d3ceeed6872"
  name = "github.com/tkanos/gonfig"
  packages = ["."]
  pruneopts = "UT"
  revision = "e83209aed2d171bab5ffb312a1e630110481cb99"
  version = "1.0"

[[projects]]
  digest = "1:6cfa5e6e198f3394125f93616c2331233e982a3cea36b44f736aa5913710acdc"
  name = "github.com/ybbus/jsonrpc"
  packages = ["."]
  pruneopts = "UT"
  revision = "88045b9450ba6fbc6b26497830d2ae29312beab3"
  version = "v2.1.3"

[solve-meta]
  analyzer-name = "dep"
  analyzer-version = 1
  input-imports = [
    "github.com/bhoriuchi/go-bunyan/bunyan",
    "github.com/gorilla/mux",
    "github.com/tkanos/gonfig",
    "github.com/ybbus/jsonrpc",
  ]
  solver-name = "gps-cdcl"
  solver-version = 1
