# This file is autogenerated, do not edit; changes may be undone by the next 'dep ensure'.


[[projects]]
  branch = "master"
  digest = "1:46d9164a373b80f291a4bd9d232c225b863129d8976a941f97daff03b3565fc2"
  name = "github.com/Kairi/godash"
  packages = ["."]
  pruneopts = "UT"
  revision = "402b6c21bf2332a372e83e64b5ce546f1be510ef"

[[projects]]
  branch = "master"
  digest = "1:71dacf71b3d9cdad5751d42650197769efb31eaa64d8129e03f7182bdace7d65"
  name = "github.com/bhoriuchi/go-bunyan"
  packages = ["bunyan"]
  pruneopts = "UT"
  revision = "8815b5fdce8c649679da0123c957d4b5e4b6f8ca"

[[projects]]
  digest = "1:6cfa5e6e198f3394125f93616c2331233e982a3cea36b44f736aa5913710acdc"
  name = "github.com/ybbus/jsonrpc"
  packages = ["."]
  pruneopts = "UT"
  revision = "88045b9450ba6fbc6b26497830d2ae29312beab3"
  version = "v2.1.3"

[solve-meta]
  analyzer-name = "dep"
  analyzer-version = 1
  input-imports = [
    "github.com/Kairi/godash",
    "github.com/bhoriuchi/go-bunyan/bunyan",
    "github.com/ybbus/jsonrpc",
  ]
  solver-name = "gps-cdcl"
  solver-version = 1
